{
  "object": {
    "pins": [
      {
        "package": "GoogleMaps",
        "repositoryURL": "https://github.com/YAtechnologies/GoogleMaps-SP",
        "state": {
          "branch": "main",
          "revision": "630d406a8df0e32683034569de13a2afe9177a44",
          "version": null
        }
      }
    ]
  },
  "version": 1
}
